
Microsoft Visual Studio Solution File, Format Version 12.00
# Visual Studio Version 16
VisualStudioVersion = 16.0.29324.140
MinimumVisualStudioVersion = 10.0.40219.1
Project("{FAE04EC0-301F-11D3-BF4B-00C04F79EFBC}") = "BuricMarioTypeConversion", "BuricMarioTypeConversion\BuricMarioTypeConversion.csproj", "{F5E4EECB-49D6-42EE-9293-3FF27B1FAB06}"
EndProject
Global
	GlobalSection(SolutionConfigurationPlatforms) = preSolution
		Debug|Any CPU = Debug|Any CPU
		Release|Any CPU = Release|Any CPU
	EndGlobalSection
	GlobalSection(ProjectConfigurationPlatforms) = postSolution
		{F5E4EECB-49D6-42EE-9293-3FF27B1FAB06}.Debug|Any CPU.ActiveCfg = Debug|Any CPU
		{F5E4EECB-49D6-42EE-9293-3FF27B1FAB06}.Debug|Any CPU.Build.0 = Debug|Any CPU
		{F5E4EECB-49D6-42EE-9293-3FF27B1FAB06}.Release|Any CPU.ActiveCfg = Release|Any CPU
		{F5E4EECB-49D6-42EE-9293-3FF27B1FAB06}.Release|Any CPU.Build.0 = Release|Any CPU
	EndGlobalSection
	GlobalSection(SolutionProperties) = preSolution
		HideSolutionNode = FALSE
	EndGlobalSection
	GlobalSection(ExtensibilityGlobals) = postSolution
		SolutionGuid = {D3CD20E9-1C5C-476C-B3F3-A46156280EBE}
	EndGlobalSection
EndGlobal
