
Microsoft Visual Studio Solution File, Format Version 12.00
# Visual Studio Version 16
VisualStudioVersion = 16.0.29324.140
MinimumVisualStudioVersion = 10.0.40219.1
Project("{FAE04EC0-301F-11D3-BF4B-00C04F79EFBC}") = "BuricMarioNumber", "BuricMarioNumber\BuricMarioNumber.csproj", "{C040A3F5-88E0-470F-BEE4-07EDF020C3F6}"
EndProject
Global
	GlobalSection(SolutionConfigurationPlatforms) = preSolution
		Debug|Any CPU = Debug|Any CPU
		Release|Any CPU = Release|Any CPU
	EndGlobalSection
	GlobalSection(ProjectConfigurationPlatforms) = postSolution
		{C040A3F5-88E0-470F-BEE4-07EDF020C3F6}.Debug|Any CPU.ActiveCfg = Debug|Any CPU
		{C040A3F5-88E0-470F-BEE4-07EDF020C3F6}.Debug|Any CPU.Build.0 = Debug|Any CPU
		{C040A3F5-88E0-470F-BEE4-07EDF020C3F6}.Release|Any CPU.ActiveCfg = Release|Any CPU
		{C040A3F5-88E0-470F-BEE4-07EDF020C3F6}.Release|Any CPU.Build.0 = Release|Any CPU
	EndGlobalSection
	GlobalSection(SolutionProperties) = preSolution
		HideSolutionNode = FALSE
	EndGlobalSection
	GlobalSection(ExtensibilityGlobals) = postSolution
		SolutionGuid = {290059E2-2000-4B75-9686-50A31E23A86E}
	EndGlobalSection
EndGlobal
